{
    "hash": "9c6f20ba0ecc840aa99099985d1d37d9",
    "packages": [
        {
            "package": "doctrine/common",
            "version": "2.2.2"
        },
        {
            "package": "doctrine/dbal",
            "version": "2.2.x-dev",
            "source-reference": "b961a3fce6bf220f1dca47d7d747b9074bea4730",
            "commit-date": "1341779435"
        },
        {
            "package": "doctrine/doctrine-bundle",
            "version": "dev-master",
            "source-reference": "62134e6a8dd3f330131ee6a970f0cee1d7760c1d",
            "commit-date": "1343203511"
        },
        {
            "package": "doctrine/orm",
            "version": "2.2.x-dev",
            "source-reference": "5d2a3bcb3b467f41ee58575764f3ba84937f76e4",
            "commit-date": "1341676080"
        },
        {
            "package": "gedmo/doctrine-extensions",
            "version": "dev-master",
            "source-reference": "9898253452a37733d278af6fc595b059327c4218",
            "commit-date": "1342872222"
        },
        {
            "package": "jms/aop-bundle",
            "version": "1.0.0"
        },
        {
            "package": "jms/cg",
            "version": "1.0.0"
        },
        {
            "package": "jms/metadata",
            "version": "1.1.1"
        },
        {
            "package": "jms/security-extra-bundle",
            "version": "1.1.0"
        },
        {
            "package": "kriswallsmith/assetic",
            "version": "dev-master",
            "alias-pretty-version": "1.1.x-dev",
            "alias-version": "1.1.9999999.9999999-dev"
        },
        {
            "package": "kriswallsmith/assetic",
            "version": "dev-master",
            "source-reference": "c518a48ddc26af898191410cc35f7f30aaed448e",
            "commit-date": "1343084248"
        },
        {
            "package": "lyra/admin-bundle",
            "version": "dev-master",
            "source-reference": "6363aab186715640987a162b8d5ebf670d832dc7",
            "commit-date": "1343084010"
        },
        {
            "package": "lyra/content-bundle",
            "version": "dev-master",
            "source-reference": "e9f249f2520c32bd10869e7a21417ad126067c79",
            "commit-date": "1343305298"
        },
        {
            "package": "monolog/monolog",
            "version": "1.1.0"
        },
        {
            "package": "sensio/distribution-bundle",
            "version": "dev-master",
            "source-reference": "5886adae1613c0a72fbb95259a83ae798e86c0d3",
            "commit-date": "1342347850"
        },
        {
            "package": "sensio/framework-extra-bundle",
            "version": "dev-master",
            "alias-pretty-version": "2.1.x-dev",
            "alias-version": "2.1.9999999.9999999-dev"
        },
        {
            "package": "sensio/framework-extra-bundle",
            "version": "dev-master",
            "source-reference": "570a0bbb899264d45517a3b10c8d53eb60343d37",
            "commit-date": "1343329251"
        },
        {
            "package": "swiftmailer/swiftmailer",
            "version": "dev-master",
            "alias-pretty-version": "4.2.x-dev",
            "alias-version": "4.2.9999999.9999999-dev"
        },
        {
            "package": "swiftmailer/swiftmailer",
            "version": "dev-master",
            "source-reference": "8b2aa953f87da228ba413e8fb1372e49c1374050",
            "commit-date": "1342198037"
        },
        {
            "package": "symfony/assetic-bundle",
            "version": "dev-master",
            "source-reference": "a5daf7ca4588f88105c808de9a28ba1e66bfa082",
            "commit-date": "1343161458"
        },
        {
            "package": "symfony/monolog-bundle",
            "version": "v2.1.0-BETA4"
        },
        {
            "package": "symfony/swiftmailer-bundle",
            "version": "dev-master",
            "source-reference": "v2.1.0-BETA4",
            "commit-date": "1342684512"
        },
        {
            "package": "symfony/symfony",
            "version": "v2.1.0-BETA4"
        },
        {
            "package": "twig/extensions",
            "version": "dev-master",
            "source-reference": "feb6d3f10c411e2631997c0a905aa581c80305c1",
            "commit-date": "1337599699"
        },
        {
            "package": "twig/twig",
            "version": "dev-master",
            "alias-pretty-version": "1.9.x-dev",
            "alias-version": "1.9.9999999.9999999-dev"
        },
        {
            "package": "twig/twig",
            "version": "dev-master",
            "source-reference": "657de7bdeb680815e0df95f63da9f81e1533d2ea",
            "commit-date": "1342953178"
        }
    ],
    "packages-dev": null,
    "aliases": [

    ],
    "minimum-stability": "dev",
    "stability-flags": {
        "doctrine/doctrine-bundle": 20,
        "twig/extensions": 20,
        "symfony/assetic-bundle": 20,
        "symfony/swiftmailer-bundle": 20,
        "sensio/distribution-bundle": 20,
        "sensio/framework-extra-bundle": 20,
        "lyra/admin-bundle": 20,
        "lyra/content-bundle": 20
    }
}
